#MicroXplorer Configuration settings - do not modify
Mcu.Family=STM32F1
RCC.PLLSourceVirtual=RCC_PLLSOURCE_HSE
ProjectManager.MainLocation=Src
PC15-OSC32_OUT.Mode=LSE-External-Oscillator
RCC.MCOFreq_Value=72000000
Dma.SPI1_TX.0.MemInc=DMA_MINC_ENABLE
ProjectManager.ProjectFileName=stm32.ioc
Dma.SPI1_TX.0.PeriphInc=DMA_PINC_DISABLE
PD1-OSC_OUT.Mode=HSE-External-Oscillator
ProjectManager.KeepUserCode=true
Mcu.UserName=STM32F103C8Tx
Mcu.PinsNb=21
SPI1.VirtualType=VM_MASTER
SPI2.VirtualType=VM_MASTER
PB10.Mode=I2C
ProjectManager.NoMain=false
SPI1.IPParameters=VirtualType,Mode,Direction,CalculateBaudRate,BaudRatePrescaler
RCC.PLLCLKFreq_Value=72000000
ProjectManager.functionlistsort=1-SystemClock_Config-RCC-false-HAL-false
RCC.USBPrescaler=RCC_USBCLKSOURCE_PLL_DIV1_5
PA11.Mode=Device
RCC.ADCFreqValue=36000000
ProjectManager.DefaultFWLocation=true
PD0-OSC_IN.Signal=RCC_OSC_IN
ProjectManager.DeletePrevious=true
USART1.IPParameters=VirtualMode
RCC.APB1CLKDivider=RCC_HCLK_DIV2
PC14-OSC32_IN.Signal=RCC_OSC32_IN
PB11.Signal=I2C2_SDA
PB13.Signal=SPI2_SCK
PB15.Signal=SPI2_MOSI
PinOutPanel.RotationAngle=0
RCC.FamilyName=M
RCC.SYSCLKSource=RCC_SYSCLKSOURCE_PLLCLK
ProjectManager.StackSize=0x400
PD1-OSC_OUT.Locked=true
PD1-OSC_OUT.Signal=RCC_OSC_OUT
NVIC.DMA1_Channel3_IRQn=true\:0\:0\:false\:false\:true\:false\:true
PA13.Signal=SYS_JTMS-SWDIO
Mcu.IP4=RCC
RCC.FCLKCortexFreq_Value=72000000
Mcu.IP5=SPI1
Mcu.IP2=I2C2
NVIC.SVCall_IRQn=true\:0\:0\:false\:false\:true\:false\:false
Mcu.IP3=NVIC
Mcu.IP0=DMA
PA11.Locked=true
PA12.Locked=true
PA15.Locked=true
Mcu.IP1=I2C1
PA12.Signal=USB_DP
PC15-OSC32_OUT.Locked=true
Dma.SPI1_TX.0.RequestParameters=Instance,Direction,PeriphInc,MemInc,PeriphDataAlignment,MemDataAlignment,Mode,Priority
Mcu.UserConstants=
PB11.Mode=I2C
ProjectManager.TargetToolchain=EWARM V8.32
Mcu.ThirdPartyNb=0
SPI1.Direction=SPI_DIRECTION_2LINES
Dma.SPI1_TX.0.PeriphDataAlignment=DMA_PDATAALIGN_BYTE
RCC.HCLKFreq_Value=72000000
Dma.SPI1_TX.0.Direction=DMA_MEMORY_TO_PERIPH
Mcu.IPNb=10
ProjectManager.PreviousToolchain=
PB9.Mode=I2C
RCC.APB2TimFreq_Value=72000000
PB6.Signal=USART1_TX
PB5.Locked=true
PB9.Locked=true
PB6.Mode=Asynchronous
SPI1.CalculateBaudRate=18.0 MBits/s
SPI2.IPParameters=VirtualType,Mode,Direction,CalculateBaudRate
Mcu.Pin6=PB13
Mcu.Pin7=PB15
Mcu.Pin8=PA11
RCC.USBFreq_Value=48000000
Mcu.Pin9=PA12
PC15-OSC32_OUT.Signal=RCC_OSC32_OUT
RCC.AHBFreq_Value=72000000
Mcu.Pin0=PC14-OSC32_IN
Mcu.Pin1=PC15-OSC32_OUT
GPIO.groupedBy=
PD0-OSC_IN.Mode=HSE-External-Oscillator
Mcu.Pin2=PD0-OSC_IN
PB10.Signal=I2C2_SCL
Mcu.Pin3=PD1-OSC_OUT
Mcu.Pin4=PB10
Mcu.Pin5=PB11
ProjectManager.ProjectBuild=false
NVIC.UsageFault_IRQn=true\:0\:0\:false\:false\:true\:false\:false
NVIC.DebugMonitor_IRQn=true\:0\:0\:false\:false\:true\:false\:false
PB3.Mode=TX_Only_Simplex_Unidirect_Master
board=custom
NVIC.SysTick_IRQn=true\:0\:0\:false\:false\:true\:false\:true
ProjectManager.LastFirmware=true
RCC.PLLMUL=RCC_PLL_MUL9
PB15.Mode=TX_Only_Simplex_Unidirect_Master
RCC.VCOOutput2Freq_Value=8000000
ProjectManager.FirmwarePackage=STM32Cube FW_F1 V1.8.0
MxDb.Version=DB.5.0.60
RCC.APB2Freq_Value=72000000
ProjectManager.BackupPrevious=false
MxCube.Version=5.6.1
PC14-OSC32_IN.Mode=LSE-External-Oscillator
SPI1.Mode=SPI_MODE_MASTER
PA14.Mode=Serial_Wire
PB5.Mode=TX_Only_Simplex_Unidirect_Master
File.Version=6
VP_SYS_VS_Systick.Mode=SysTick
SPI2.CalculateBaudRate=18.0 MBits/s
Dma.SPI1_TX.0.Instance=DMA1_Channel3
PB7.Signal=USART1_RX
PB8.Locked=true
NVIC.NonMaskableInt_IRQn=true\:0\:0\:false\:false\:true\:false\:false
PB6.Locked=true
NVIC.PendSV_IRQn=true\:0\:0\:false\:false\:true\:false\:false
PA13.Mode=Serial_Wire
ProjectManager.FreePins=false
RCC.IPParameters=ADCFreqValue,AHBFreq_Value,APB1CLKDivider,APB1Freq_Value,APB1TimFreq_Value,APB2Freq_Value,APB2TimFreq_Value,FCLKCortexFreq_Value,FamilyName,HCLKFreq_Value,MCOFreq_Value,PLLCLKFreq_Value,PLLMCOFreq_Value,PLLMUL,PLLSourceVirtual,SYSCLKFreq_VALUE,SYSCLKSource,TimSysFreq_Value,USBFreq_Value,USBPrescaler,VCOOutput2Freq_Value
ProjectManager.AskForMigrate=true
Mcu.Name=STM32F103C(8-B)Tx
Dma.RequestsNb=1
ProjectManager.HalAssertFull=false
ProjectManager.ProjectName=stm32
ProjectManager.UnderRoot=false
Mcu.IP8=USART1
Mcu.IP9=USB
Mcu.IP6=SPI2
RCC.PLLMCOFreq_Value=36000000
Mcu.IP7=SYS
ProjectManager.CoupleFile=false
PB4.Locked=true
Dma.SPI1_TX.0.Mode=DMA_NORMAL
PB3.Signal=SPI1_SCK
RCC.SYSCLKFreq_VALUE=72000000
Mcu.Package=LQFP48
PB5.Signal=SPI1_MOSI
PB9.Signal=I2C1_SDA
RCC.TimSysFreq_Value=72000000
Mcu.Pin20=VP_SYS_VS_Systick
SPI2.Mode=SPI_MODE_MASTER
PA12.Mode=Device
NVIC.ForceEnableDMAVector=true
KeepUserPlacement=false
NVIC.MemoryManagement_IRQn=true\:0\:0\:false\:false\:true\:false\:false
PA13.Locked=true
PA14.Locked=true
USART1.VirtualMode=VM_ASYNC
ProjectManager.CompilerOptimize=6
ProjectManager.ToolChainLocation=
VP_SYS_VS_Systick.Signal=SYS_VS_Systick
PB7.Mode=Asynchronous
PA11.Signal=USB_DM
PA14.Signal=SYS_JTCK-SWCLK
PA15.Signal=GPIO_Output
ProjectManager.HeapSize=0x200
Mcu.Pin15=PB5
Dma.SPI1_TX.0.MemDataAlignment=DMA_MDATAALIGN_BYTE
Dma.SPI1_TX.0.Priority=DMA_PRIORITY_LOW
NVIC.HardFault_IRQn=true\:0\:0\:false\:false\:true\:false\:false
Mcu.Pin16=PB6
Mcu.Pin13=PB3
Mcu.Pin14=PB4
Mcu.Pin19=PB9
ProjectManager.ComputerToolchain=false
Mcu.Pin17=PB7
Mcu.Pin18=PB8
NVIC.PriorityGroup=NVIC_PRIORITYGROUP_4
Mcu.Pin11=PA14
Mcu.Pin12=PA15
PB8.Mode=I2C
Mcu.Pin10=PA13
PB7.Locked=true
RCC.APB1TimFreq_Value=72000000
PB8.Signal=I2C1_SCL
NVIC.BusFault_IRQn=true\:0\:0\:false\:false\:true\:false\:false
SPI2.Direction=SPI_DIRECTION_2LINES
PB13.Mode=TX_Only_Simplex_Unidirect_Master
Dma.Request0=SPI1_TX
RCC.APB1Freq_Value=36000000
SPI1.BaudRatePrescaler=SPI_BAUDRATEPRESCALER_4
PD0-OSC_IN.Locked=true
ProjectManager.CustomerFirmwarePackage=
ProjectManager.DeviceId=STM32F103C8Tx
PC14-OSC32_IN.Locked=true
ProjectManager.LibraryCopy=0
PB3.Locked=true
PB4.Signal=GPIO_Output
